
Microsoft Visual Studio Solution File, Format Version 12.00
# Visual Studio Version 17
VisualStudioVersion = 17.2.32602.215
MinimumVisualStudioVersion = 10.0.40219.1
Project("{FAE04EC0-301F-11D3-BF4B-00C04F79EFBC}") = "WSVenta", "WSVenta\WSVenta.csproj", "{93DBE96D-8E52-47A7-978F-665A8625A83D}"
EndProject
Global
	GlobalSection(SolutionConfigurationPlatforms) = preSolution
		Debug|Any CPU = Debug|Any CPU
		Release|Any CPU = Release|Any CPU
	EndGlobalSection
	GlobalSection(ProjectConfigurationPlatforms) = postSolution
		{93DBE96D-8E52-47A7-978F-665A8625A83D}.Debug|Any CPU.ActiveCfg = Debug|Any CPU
		{93DBE96D-8E52-47A7-978F-665A8625A83D}.Debug|Any CPU.Build.0 = Debug|Any CPU
		{93DBE96D-8E52-47A7-978F-665A8625A83D}.Release|Any CPU.ActiveCfg = Release|Any CPU
		{93DBE96D-8E52-47A7-978F-665A8625A83D}.Release|Any CPU.Build.0 = Release|Any CPU
	EndGlobalSection
	GlobalSection(SolutionProperties) = preSolution
		HideSolutionNode = FALSE
	EndGlobalSection
	GlobalSection(ExtensibilityGlobals) = postSolution
		SolutionGuid = {BBA06A24-1022-4210-AEEC-1340525A33A9}
	EndGlobalSection
EndGlobal
